
Microsoft Visual Studio Solution File, Format Version 12.00
# Visual Studio 15
VisualStudioVersion = 15.0.26124.0
MinimumVisualStudioVersion = 15.0.26124.0
Project("{FAE04EC0-301F-11D3-BF4B-00C04F79EFBC}") = "API", "API\API.csproj", "{501FB5A1-69FD-4519-AF93-ECC267ED53DB}"
EndProject
Project("{FAE04EC0-301F-11D3-BF4B-00C04F79EFBC}") = "Domain", "Domain\Domain.csproj", "{E89913E3-E7A9-4516-91A5-4E72BB193FB0}"
EndProject
Project("{FAE04EC0-301F-11D3-BF4B-00C04F79EFBC}") = "Application", "Application\Application.csproj", "{E4CF04FE-5175-4EEE-BADF-BF1435D599FF}"
EndProject
Project("{FAE04EC0-301F-11D3-BF4B-00C04F79EFBC}") = "Persistence", "Persistence\Persistence.csproj", "{2676B389-79E3-43A9-92EB-9508E1AA1C4D}"
EndProject
Global
	GlobalSection(SolutionConfigurationPlatforms) = preSolution
		Debug|Any CPU = Debug|Any CPU
		Debug|x64 = Debug|x64
		Debug|x86 = Debug|x86
		Release|Any CPU = Release|Any CPU
		Release|x64 = Release|x64
		Release|x86 = Release|x86
	EndGlobalSection
	GlobalSection(SolutionProperties) = preSolution
		HideSolutionNode = FALSE
	EndGlobalSection
	GlobalSection(ProjectConfigurationPlatforms) = postSolution
		{501FB5A1-69FD-4519-AF93-ECC267ED53DB}.Debug|Any CPU.ActiveCfg = Debug|Any CPU
		{501FB5A1-69FD-4519-AF93-ECC267ED53DB}.Debug|Any CPU.Build.0 = Debug|Any CPU
		{501FB5A1-69FD-4519-AF93-ECC267ED53DB}.Debug|x64.ActiveCfg = Debug|Any CPU
		{501FB5A1-69FD-4519-AF93-ECC267ED53DB}.Debug|x64.Build.0 = Debug|Any CPU
		{501FB5A1-69FD-4519-AF93-ECC267ED53DB}.Debug|x86.ActiveCfg = Debug|Any CPU
		{501FB5A1-69FD-4519-AF93-ECC267ED53DB}.Debug|x86.Build.0 = Debug|Any CPU
		{501FB5A1-69FD-4519-AF93-ECC267ED53DB}.Release|Any CPU.ActiveCfg = Release|Any CPU
		{501FB5A1-69FD-4519-AF93-ECC267ED53DB}.Release|Any CPU.Build.0 = Release|Any CPU
		{501FB5A1-69FD-4519-AF93-ECC267ED53DB}.Release|x64.ActiveCfg = Release|Any CPU
		{501FB5A1-69FD-4519-AF93-ECC267ED53DB}.Release|x64.Build.0 = Release|Any CPU
		{501FB5A1-69FD-4519-AF93-ECC267ED53DB}.Release|x86.ActiveCfg = Release|Any CPU
		{501FB5A1-69FD-4519-AF93-ECC267ED53DB}.Release|x86.Build.0 = Release|Any CPU
		{E89913E3-E7A9-4516-91A5-4E72BB193FB0}.Debug|Any CPU.ActiveCfg = Debug|Any CPU
		{E89913E3-E7A9-4516-91A5-4E72BB193FB0}.Debug|Any CPU.Build.0 = Debug|Any CPU
		{E89913E3-E7A9-4516-91A5-4E72BB193FB0}.Debug|x64.ActiveCfg = Debug|Any CPU
		{E89913E3-E7A9-4516-91A5-4E72BB193FB0}.Debug|x64.Build.0 = Debug|Any CPU
		{E89913E3-E7A9-4516-91A5-4E72BB193FB0}.Debug|x86.ActiveCfg = Debug|Any CPU
		{E89913E3-E7A9-4516-91A5-4E72BB193FB0}.Debug|x86.Build.0 = Debug|Any CPU
		{E89913E3-E7A9-4516-91A5-4E72BB193FB0}.Release|Any CPU.ActiveCfg = Release|Any CPU
		{E89913E3-E7A9-4516-91A5-4E72BB193FB0}.Release|Any CPU.Build.0 = Release|Any CPU
		{E89913E3-E7A9-4516-91A5-4E72BB193FB0}.Release|x64.ActiveCfg = Release|Any CPU
		{E89913E3-E7A9-4516-91A5-4E72BB193FB0}.Release|x64.Build.0 = Release|Any CPU
		{E89913E3-E7A9-4516-91A5-4E72BB193FB0}.Release|x86.ActiveCfg = Release|Any CPU
		{E89913E3-E7A9-4516-91A5-4E72BB193FB0}.Release|x86.Build.0 = Release|Any CPU
		{E4CF04FE-5175-4EEE-BADF-BF1435D599FF}.Debug|Any CPU.ActiveCfg = Debug|Any CPU
		{E4CF04FE-5175-4EEE-BADF-BF1435D599FF}.Debug|Any CPU.Build.0 = Debug|Any CPU
		{E4CF04FE-5175-4EEE-BADF-BF1435D599FF}.Debug|x64.ActiveCfg = Debug|Any CPU
		{E4CF04FE-5175-4EEE-BADF-BF1435D599FF}.Debug|x64.Build.0 = Debug|Any CPU
		{E4CF04FE-5175-4EEE-BADF-BF1435D599FF}.Debug|x86.ActiveCfg = Debug|Any CPU
		{E4CF04FE-5175-4EEE-BADF-BF1435D599FF}.Debug|x86.Build.0 = Debug|Any CPU
		{E4CF04FE-5175-4EEE-BADF-BF1435D599FF}.Release|Any CPU.ActiveCfg = Release|Any CPU
		{E4CF04FE-5175-4EEE-BADF-BF1435D599FF}.Release|Any CPU.Build.0 = Release|Any CPU
		{E4CF04FE-5175-4EEE-BADF-BF1435D599FF}.Release|x64.ActiveCfg = Release|Any CPU
		{E4CF04FE-5175-4EEE-BADF-BF1435D599FF}.Release|x64.Build.0 = Release|Any CPU
		{E4CF04FE-5175-4EEE-BADF-BF1435D599FF}.Release|x86.ActiveCfg = Release|Any CPU
		{E4CF04FE-5175-4EEE-BADF-BF1435D599FF}.Release|x86.Build.0 = Release|Any CPU
		{2676B389-79E3-43A9-92EB-9508E1AA1C4D}.Debug|Any CPU.ActiveCfg = Debug|Any CPU
		{2676B389-79E3-43A9-92EB-9508E1AA1C4D}.Debug|Any CPU.Build.0 = Debug|Any CPU
		{2676B389-79E3-43A9-92EB-9508E1AA1C4D}.Debug|x64.ActiveCfg = Debug|Any CPU
		{2676B389-79E3-43A9-92EB-9508E1AA1C4D}.Debug|x64.Build.0 = Debug|Any CPU
		{2676B389-79E3-43A9-92EB-9508E1AA1C4D}.Debug|x86.ActiveCfg = Debug|Any CPU
		{2676B389-79E3-43A9-92EB-9508E1AA1C4D}.Debug|x86.Build.0 = Debug|Any CPU
		{2676B389-79E3-43A9-92EB-9508E1AA1C4D}.Release|Any CPU.ActiveCfg = Release|Any CPU
		{2676B389-79E3-43A9-92EB-9508E1AA1C4D}.Release|Any CPU.Build.0 = Release|Any CPU
		{2676B389-79E3-43A9-92EB-9508E1AA1C4D}.Release|x64.ActiveCfg = Release|Any CPU
		{2676B389-79E3-43A9-92EB-9508E1AA1C4D}.Release|x64.Build.0 = Release|Any CPU
		{2676B389-79E3-43A9-92EB-9508E1AA1C4D}.Release|x86.ActiveCfg = Release|Any CPU
		{2676B389-79E3-43A9-92EB-9508E1AA1C4D}.Release|x86.Build.0 = Release|Any CPU
	EndGlobalSection
EndGlobal
